// !$*UTF8*$!
{
	archiveVersion = 1;
	classes = {
	};
	objectVersion = 46;
	objects = {

/* Begin PBXAggregateTarget section */
		79D2A944B967CF7ABF733735 /* Qt Preprocess */ = {
			isa = PBXAggregateTarget;
			buildConfigurationList = 6CC3B5D2136C7CD6A5CF5A59 /* Build configuration list for PBXNativeTarget "usingQtDesigner" */;
			buildPhases = (
				5E618435888B9D49F8540165 /* Qt Qmake */,
				7EF0942E79C014DCEC8976BC /* Qt Preprocessors */,
			);
			dependencies = (
			);
			name = "Qt Preprocess";
			productName = "Qt Preprocess";
		};
/* End PBXAggregateTarget section */

/* Begin PBXBuildFile section */
		0AB18D2C3FCFFC5DB57382BD /* QtWidgets.framework in Link Binary With Libraries */ = {isa = PBXBuildFile; fileRef = 6D428A53665CC0532CC471B5 /* QtWidgets.framework */; };
		1F214DD2B7C128EAEC89FC5A /* moc_widget.cpp in Compile Sources */ = {isa = PBXBuildFile; fileRef = B8359EFFB634A9DED19F728B /* moc_widget.cpp */; settings = {ATTRIBUTES = (); }; };
		2617C365E6101688745605CC /* QtCore.framework in Link Binary With Libraries */ = {isa = PBXBuildFile; fileRef = C6EAED776F2E03F8F00CD3FA /* QtCore.framework */; };
		2A5DBDCBC5199521722D6168 /* main.cpp in Compile Sources */ = {isa = PBXBuildFile; fileRef = 1C39136CF1348CD5D93FA8C7 /* main.cpp */; settings = {ATTRIBUTES = (); }; };
		3A7DFF4E7B5EFE6C31030B42 /* widget.cpp in Compile Sources */ = {isa = PBXBuildFile; fileRef = 597323E59B434F727204B843 /* widget.cpp */; settings = {ATTRIBUTES = (); }; };
		436A22D01EB400A700918466 /* libboost_system.dylib in Link Binary With Libraries */ = {isa = PBXBuildFile; fileRef = 436A22CF1EB400A700918466 /* libboost_system.dylib */; };
		436A22D21EB400B100918466 /* libboost_filesystem.dylib in Link Binary With Libraries */ = {isa = PBXBuildFile; fileRef = 436A22D11EB400B100918466 /* libboost_filesystem.dylib */; };
		436A22D41EB400C300918466 /* libboost_thread-mt.dylib in Link Binary With Libraries */ = {isa = PBXBuildFile; fileRef = 436A22D31EB400C300918466 /* libboost_thread-mt.dylib */; };
		436A22DD1EB4017E00918466 /* EyeLogic.cpp in Compile Sources */ = {isa = PBXBuildFile; fileRef = 436A22D71EB4017E00918466 /* EyeLogic.cpp */; };
		436A22DE1EB4017E00918466 /* VoiceTool.cpp in Compile Sources */ = {isa = PBXBuildFile; fileRef = 436A22DB1EB4017E00918466 /* VoiceTool.cpp */; };
		8771A8C96E9C391044035D99 /* OpenGL.framework in Link Binary With Libraries */ = {isa = PBXBuildFile; fileRef = D4B32C2222F82AC56BADEB21 /* OpenGL.framework */; };
		8D267F2E4776F0ECA2F49DC8 /* IOKit.framework in Link Binary With Libraries */ = {isa = PBXBuildFile; fileRef = A1A67BEAA744704B29168D39 /* IOKit.framework */; };
		A53ACF0D38488364879066C9 /* qrc_ref_images.cpp in Compile Sources */ = {isa = PBXBuildFile; fileRef = 96C9D6CE07E87CBBD9A8372D /* qrc_ref_images.cpp */; settings = {ATTRIBUTES = (); }; };
		A99B2AA0F9CBBDD12BA126A4 /* DiskArbitration.framework in Link Binary With Libraries */ = {isa = PBXBuildFile; fileRef = 2B774D8E4178765CE52EAAF5 /* DiskArbitration.framework */; };
		E0FE23F83E210CD7BCDDCE64 /* QtGui.framework in Link Binary With Libraries */ = {isa = PBXBuildFile; fileRef = 524FF54F4DFEBBDF16E94F2F /* QtGui.framework */; };
		E45E51A644D5FC9F942ECE55 /* AGL.framework in Link Binary With Libraries */ = {isa = PBXBuildFile; fileRef = 8D9815BDB5BD9F90D2BC05C5 /* AGL.framework */; };
		EFDE7D67A3969E728EFE5F3B /* dummy.cpp in Compile Sources */ = {isa = PBXBuildFile; fileRef = D3965AC9622849D97519049F /* dummy.cpp */; settings = {ATTRIBUTES = (); }; };
/* End PBXBuildFile section */

/* Begin PBXContainerItemProxy section */
		436A22CE1EB3FFD600918466 /* PBXContainerItemProxy */ = {
			isa = PBXContainerItemProxy;
			containerPortal = 6DB9C3763D02B1415CD9D565 /* Project object */;
			proxyType = 1;
			remoteGlobalIDString = 79D2A944B967CF7ABF733735;
			remoteInfo = "Qt Preprocess";
		};
/* End PBXContainerItemProxy section */

/* Begin PBXFileReference section */
		101E997A65CD74DE3FCE9F35 /* ref_images.qrc */ = {isa = PBXFileReference; lastKnownFileType = text; name = ref_images.qrc; path = "/Users/Dimitar/Documents/SeniorProject/EyeLogic/EyeLogic-MP/Qt/ref_images.qrc"; sourceTree = "<absolute>"; };
		1C39136CF1348CD5D93FA8C7 /* main.cpp */ = {isa = PBXFileReference; lastKnownFileType = sourcecode.cpp.cpp; name = main.cpp; path = "/Users/Dimitar/Documents/SeniorProject/EyeLogic/EyeLogic-MP/Qt/main.cpp"; sourceTree = "<absolute>"; };
		29CE09903E96B8F0E654D933 /* widget.h */ = {isa = PBXFileReference; lastKnownFileType = sourcecode.c.h; name = widget.h; path = "/Users/Dimitar/Documents/SeniorProject/EyeLogic/EyeLogic-MP/Qt/widget.h"; sourceTree = "<absolute>"; };
		2B774D8E4178765CE52EAAF5 /* DiskArbitration.framework */ = {isa = PBXFileReference; lastKnownFileType = wrapper.framework; name = DiskArbitration.framework; path = /System/Library/Frameworks/DiskArbitration.framework; sourceTree = "<absolute>"; };
		2EAAE4D2111532D9F139E4C3 /* widget.ui */ = {isa = PBXFileReference; lastKnownFileType = text.xml; name = widget.ui; path = "/Users/Dimitar/Documents/SeniorProject/EyeLogic/EyeLogic-MP/Qt/widget.ui"; sourceTree = "<absolute>"; };
		436A22CF1EB400A700918466 /* libboost_system.dylib */ = {isa = PBXFileReference; lastKnownFileType = "compiled.mach-o.dylib"; name = libboost_system.dylib; path = ../../../../../../../usr/local/lib/libboost_system.dylib; sourceTree = "<group>"; };
		436A22D11EB400B100918466 /* libboost_filesystem.dylib */ = {isa = PBXFileReference; lastKnownFileType = "compiled.mach-o.dylib"; name = libboost_filesystem.dylib; path = ../../../../../../../usr/local/lib/libboost_filesystem.dylib; sourceTree = "<group>"; };
		436A22D31EB400C300918466 /* libboost_thread-mt.dylib */ = {isa = PBXFileReference; lastKnownFileType = "compiled.mach-o.dylib"; name = "libboost_thread-mt.dylib"; path = "../../../../../../../usr/local/lib/libboost_thread-mt.dylib"; sourceTree = "<group>"; };
		436A22D61EB4017E00918466 /* calibration.hpp */ = {isa = PBXFileReference; fileEncoding = 4; lastKnownFileType = sourcecode.cpp.h; name = calibration.hpp; path = ../EyeLogic/calibration.hpp; sourceTree = "<group>"; };
		436A22D71EB4017E00918466 /* EyeLogic.cpp */ = {isa = PBXFileReference; fileEncoding = 4; lastKnownFileType = sourcecode.cpp.cpp; name = EyeLogic.cpp; path = ../EyeLogic/EyeLogic.cpp; sourceTree = "<group>"; };
		436A22D81EB4017E00918466 /* EyeLogic.hpp */ = {isa = PBXFileReference; fileEncoding = 4; lastKnownFileType = sourcecode.cpp.h; name = EyeLogic.hpp; path = ../EyeLogic/EyeLogic.hpp; sourceTree = "<group>"; };
		436A22D91EB4017E00918466 /* Mac.hpp */ = {isa = PBXFileReference; fileEncoding = 4; lastKnownFileType = sourcecode.cpp.h; name = Mac.hpp; path = ../EyeLogic/Mac.hpp; sourceTree = "<group>"; };
		436A22DA1EB4017E00918466 /* System.hpp */ = {isa = PBXFileReference; fileEncoding = 4; lastKnownFileType = sourcecode.cpp.h; name = System.hpp; path = ../EyeLogic/System.hpp; sourceTree = "<group>"; };
		436A22DB1EB4017E00918466 /* VoiceTool.cpp */ = {isa = PBXFileReference; fileEncoding = 4; lastKnownFileType = sourcecode.cpp.cpp; name = VoiceTool.cpp; path = ../EyeLogic/VoiceTool.cpp; sourceTree = "<group>"; };
		436A22DC1EB4017E00918466 /* VoiceTool.hpp */ = {isa = PBXFileReference; fileEncoding = 4; lastKnownFileType = sourcecode.cpp.h; name = VoiceTool.hpp; path = ../EyeLogic/VoiceTool.hpp; sourceTree = "<group>"; };
		524FF54F4DFEBBDF16E94F2F /* QtGui.framework */ = {isa = PBXFileReference; lastKnownFileType = wrapper.framework; name = QtGui.framework; path = /Users/Dimitar/Qt/5.8/clang_64/lib/QtGui.framework; sourceTree = "<absolute>"; };
		597323E59B434F727204B843 /* widget.cpp */ = {isa = PBXFileReference; lastKnownFileType = sourcecode.cpp.cpp; name = widget.cpp; path = "/Users/Dimitar/Documents/SeniorProject/EyeLogic/EyeLogic-MP/Qt/widget.cpp"; sourceTree = "<absolute>"; };
		6D428A53665CC0532CC471B5 /* QtWidgets.framework */ = {isa = PBXFileReference; lastKnownFileType = wrapper.framework; name = QtWidgets.framework; path = /Users/Dimitar/Qt/5.8/clang_64/lib/QtWidgets.framework; sourceTree = "<absolute>"; };
		73BFAA062ABF2B3761DD3AED /* usingQtDesigner.app */ = {isa = PBXFileReference; explicitFileType = wrapper.application; includeInIndex = 0; path = usingQtDesigner.app; sourceTree = BUILT_PRODUCTS_DIR; };
		8D9815BDB5BD9F90D2BC05C5 /* AGL.framework */ = {isa = PBXFileReference; lastKnownFileType = wrapper.framework; name = AGL.framework; path = /System/Library/Frameworks/AGL.framework; sourceTree = "<absolute>"; };
		96C9D6CE07E87CBBD9A8372D /* qrc_ref_images.cpp */ = {isa = PBXFileReference; lastKnownFileType = sourcecode.cpp.cpp; name = qrc_ref_images.cpp; path = "/Users/Dimitar/Documents/SeniorProject/EyeLogic/EyeLogic-MP/Qt/qrc_ref_images.cpp"; sourceTree = "<absolute>"; };
		A1A67BEAA744704B29168D39 /* IOKit.framework */ = {isa = PBXFileReference; lastKnownFileType = wrapper.framework; name = IOKit.framework; path = /System/Library/Frameworks/IOKit.framework; sourceTree = "<absolute>"; };
		A46525F30F862201B1F63B3B /* usingQtDesigner.pro */ = {isa = PBXFileReference; lastKnownFileType = text; name = usingQtDesigner.pro; path = "/Users/Dimitar/Documents/SeniorProject/EyeLogic/EyeLogic-MP/Qt/usingQtDesigner.pro"; sourceTree = "<absolute>"; };
		B8359EFFB634A9DED19F728B /* moc_widget.cpp */ = {isa = PBXFileReference; lastKnownFileType = sourcecode.cpp.cpp; name = moc_widget.cpp; path = "/Users/Dimitar/Documents/SeniorProject/EyeLogic/EyeLogic-MP/Qt/moc_widget.cpp"; sourceTree = "<absolute>"; };
		C6EAED776F2E03F8F00CD3FA /* QtCore.framework */ = {isa = PBXFileReference; lastKnownFileType = wrapper.framework; name = QtCore.framework; path = /Users/Dimitar/Qt/5.8/clang_64/lib/QtCore.framework; sourceTree = "<absolute>"; };
		C8938632D3C57B9DE0FE246D /* .qmake.stash */ = {isa = PBXFileReference; lastKnownFileType = text; name = .qmake.stash; path = "/Users/Dimitar/Documents/SeniorProject/EyeLogic/EyeLogic-MP/Qt/.qmake.stash"; sourceTree = "<absolute>"; };
		D3965AC9622849D97519049F /* dummy.cpp */ = {isa = PBXFileReference; lastKnownFileType = sourcecode.cpp.cpp; name = dummy.cpp; path = /Users/Dimitar/Qt/5.8/clang_64/mkspecs/features/data/dummy.cpp; sourceTree = "<absolute>"; };
		D4B32C2222F82AC56BADEB21 /* OpenGL.framework */ = {isa = PBXFileReference; lastKnownFileType = wrapper.framework; name = OpenGL.framework; path = /System/Library/Frameworks/OpenGL.framework; sourceTree = "<absolute>"; };
		ECBEBBE7849D6DD3460E5C6A /* ui_widget.h */ = {isa = PBXFileReference; lastKnownFileType = sourcecode.c.h; name = ui_widget.h; path = "/Users/Dimitar/Documents/SeniorProject/EyeLogic/EyeLogic-MP/Qt/ui_widget.h"; sourceTree = "<absolute>"; };
/* End PBXFileReference section */

/* Begin PBXFrameworksBuildPhase section */
		D1C883685E82D5676953459A /* Link Binary With Libraries */ = {
			isa = PBXFrameworksBuildPhase;
			buildActionMask = 2147483647;
			files = (
				436A22D41EB400C300918466 /* libboost_thread-mt.dylib in Link Binary With Libraries */,
				0AB18D2C3FCFFC5DB57382BD /* QtWidgets.framework in Link Binary With Libraries */,
				E0FE23F83E210CD7BCDDCE64 /* QtGui.framework in Link Binary With Libraries */,
				2617C365E6101688745605CC /* QtCore.framework in Link Binary With Libraries */,
				A99B2AA0F9CBBDD12BA126A4 /* DiskArbitration.framework in Link Binary With Libraries */,
				8D267F2E4776F0ECA2F49DC8 /* IOKit.framework in Link Binary With Libraries */,
				8771A8C96E9C391044035D99 /* OpenGL.framework in Link Binary With Libraries */,
				436A22D21EB400B100918466 /* libboost_filesystem.dylib in Link Binary With Libraries */,
				436A22D01EB400A700918466 /* libboost_system.dylib in Link Binary With Libraries */,
				E45E51A644D5FC9F942ECE55 /* AGL.framework in Link Binary With Libraries */,
			);
			name = "Link Binary With Libraries";
			runOnlyForDeploymentPostprocessing = 0;
		};
/* End PBXFrameworksBuildPhase section */

/* Begin PBXGroup section */
		12E908B8A1C3C07C115504F5 /* Sources [uic] */ = {
			isa = PBXGroup;
			children = (
				2EAAE4D2111532D9F139E4C3 /* widget.ui */,
			);
			name = "Sources [uic]";
			sourceTree = "<group>";
		};
		25B08E2869634E9BCBA333A2 /* Generated Sources */ = {
			isa = PBXGroup;
			children = (
				96C9D6CE07E87CBBD9A8372D /* qrc_ref_images.cpp */,
				B8359EFFB634A9DED19F728B /* moc_widget.cpp */,
				ECBEBBE7849D6DD3460E5C6A /* ui_widget.h */,
			);
			name = "Generated Sources";
			sourceTree = "<group>";
		};
		2EB56BE3C2D93CDAB0C52E67 /* Sources */ = {
			isa = PBXGroup;
			children = (
				436A22D61EB4017E00918466 /* calibration.hpp */,
				436A22D71EB4017E00918466 /* EyeLogic.cpp */,
				436A22D81EB4017E00918466 /* EyeLogic.hpp */,
				436A22D91EB4017E00918466 /* Mac.hpp */,
				436A22DA1EB4017E00918466 /* System.hpp */,
				436A22DB1EB4017E00918466 /* VoiceTool.cpp */,
				436A22DC1EB4017E00918466 /* VoiceTool.hpp */,
				1C39136CF1348CD5D93FA8C7 /* main.cpp */,
				597323E59B434F727204B843 /* widget.cpp */,
				29CE09903E96B8F0E654D933 /* widget.h */,
			);
			name = Sources;
			sourceTree = "<group>";
		};
		74B182DB50CB5611B5C1C297 /* Supporting Files */ = {
			isa = PBXGroup;
			children = (
				A46525F30F862201B1F63B3B /* usingQtDesigner.pro */,
				C8938632D3C57B9DE0FE246D /* .qmake.stash */,
			);
			name = "Supporting Files";
			sourceTree = "<group>";
		};
		87DF60DE337FB58864343E39 /* Resources */ = {
			isa = PBXGroup;
			children = (
				101E997A65CD74DE3FCE9F35 /* ref_images.qrc */,
			);
			name = Resources;
			sourceTree = "<group>";
		};
		AF39DD055C3EF8226FBE929D /* Frameworks */ = {
			isa = PBXGroup;
			children = (
				436A22D31EB400C300918466 /* libboost_thread-mt.dylib */,
				436A22D11EB400B100918466 /* libboost_filesystem.dylib */,
				436A22CF1EB400A700918466 /* libboost_system.dylib */,
				6D428A53665CC0532CC471B5 /* QtWidgets.framework */,
				524FF54F4DFEBBDF16E94F2F /* QtGui.framework */,
				C6EAED776F2E03F8F00CD3FA /* QtCore.framework */,
				2B774D8E4178765CE52EAAF5 /* DiskArbitration.framework */,
				A1A67BEAA744704B29168D39 /* IOKit.framework */,
				D4B32C2222F82AC56BADEB21 /* OpenGL.framework */,
				8D9815BDB5BD9F90D2BC05C5 /* AGL.framework */,
			);
			name = Frameworks;
			sourceTree = "<group>";
		};
		B8254625CFD509ED2A24A166 /* Sources [moc_predefs] */ = {
			isa = PBXGroup;
			children = (
				D3965AC9622849D97519049F /* dummy.cpp */,
			);
			name = "Sources [moc_predefs]";
			sourceTree = "<group>";
		};
		E8C543AB96796ECAA2E65C57 /* usingQtDesigner */ = {
			isa = PBXGroup;
			children = (
				2EB56BE3C2D93CDAB0C52E67 /* Sources */,
				25B08E2869634E9BCBA333A2 /* Generated Sources */,
				74B182DB50CB5611B5C1C297 /* Supporting Files */,
				87DF60DE337FB58864343E39 /* Resources */,
				B8254625CFD509ED2A24A166 /* Sources [moc_predefs] */,
				12E908B8A1C3C07C115504F5 /* Sources [uic] */,
				AF39DD055C3EF8226FBE929D /* Frameworks */,
				FE0A091FDBFB3E9C31B7A1BD /* Products */,
			);
			name = usingQtDesigner;
			sourceTree = "<group>";
		};
		FE0A091FDBFB3E9C31B7A1BD /* Products */ = {
			isa = PBXGroup;
			children = (
				73BFAA062ABF2B3761DD3AED /* usingQtDesigner.app */,
			);
			name = Products;
			sourceTree = "<group>";
		};
/* End PBXGroup section */

/* Begin PBXNativeTarget section */
		15A9895AB1BE83D42DDED499 /* usingQtDesigner */ = {
			isa = PBXNativeTarget;
			buildConfigurationList = 6CC3B5D2136C7CD6A5CF5A59 /* Build configuration list for PBXNativeTarget "usingQtDesigner" */;
			buildPhases = (
				F7E50F631C51CD5B5DC0BC43 /* Compile Sources */,
				D1C883685E82D5676953459A /* Link Binary With Libraries */,
				30414803F31797EB689AE508 /* Copy Bundle Resources */,
			);
			buildRules = (
			);
			dependencies = (
				B088CE4D33F3F30381655B07 /* PBXTargetDependency */,
			);
			name = usingQtDesigner;
			productName = usingQtDesigner;
			productReference = 73BFAA062ABF2B3761DD3AED /* usingQtDesigner.app */;
			productType = "com.apple.product-type.application";
		};
/* End PBXNativeTarget section */

/* Begin PBXProject section */
		6DB9C3763D02B1415CD9D565 /* Project object */ = {
			isa = PBXProject;
			attributes = {
			};
			buildConfigurationList = DAC4C1AA5EDEA1C85E9CA5E6 /* Build configuration list for PBXProject "usingQtDesigner" */;
			compatibilityVersion = "Xcode 3.2";
			developmentRegion = English;
			hasScannedForEncodings = 1;
			knownRegions = (
				en,
			);
			mainGroup = E8C543AB96796ECAA2E65C57 /* usingQtDesigner */;
			productRefGroup = FE0A091FDBFB3E9C31B7A1BD /* Products */;
			projectDirPath = "";
			projectRoot = "";
			targets = (
				15A9895AB1BE83D42DDED499 /* usingQtDesigner */,
				79D2A944B967CF7ABF733735 /* Qt Preprocess */,
			);
		};
/* End PBXProject section */

/* Begin PBXResourcesBuildPhase section */
		30414803F31797EB689AE508 /* Copy Bundle Resources */ = {
			isa = PBXResourcesBuildPhase;
			buildActionMask = 2147483647;
			files = (
			);
			name = "Copy Bundle Resources";
			runOnlyForDeploymentPostprocessing = 0;
		};
/* End PBXResourcesBuildPhase section */

/* Begin PBXShellScriptBuildPhase section */
		5E618435888B9D49F8540165 /* Qt Qmake */ = {
			isa = PBXShellScriptBuildPhase;
			buildActionMask = 2147483647;
			files = (
			);
			name = "Qt Qmake";
			runOnlyForDeploymentPostprocessing = 0;
			shellPath = /bin/sh;
			shellScript = "make -C /Users/Dimitar/Documents/SeniorProject/EyeLogic/EyeLogic-MP/Qt/ -f usingQtDesigner.xcodeproj/qt_makeqmake.mak";
			showEnvVarsInLog = 0;
		};
		7EF0942E79C014DCEC8976BC /* Qt Preprocessors */ = {
			isa = PBXShellScriptBuildPhase;
			buildActionMask = 2147483647;
			files = (
			);
			name = "Qt Preprocessors";
			runOnlyForDeploymentPostprocessing = 0;
			shellPath = /bin/sh;
			shellScript = "make -C /Users/Dimitar/Documents/SeniorProject/EyeLogic/EyeLogic-MP/Qt/ -f usingQtDesigner.xcodeproj/qt_preprocess.mak";
			showEnvVarsInLog = 0;
		};
/* End PBXShellScriptBuildPhase section */

/* Begin PBXSourcesBuildPhase section */
		F7E50F631C51CD5B5DC0BC43 /* Compile Sources */ = {
			isa = PBXSourcesBuildPhase;
			buildActionMask = 2147483647;
			files = (
				2A5DBDCBC5199521722D6168 /* main.cpp in Compile Sources */,
				3A7DFF4E7B5EFE6C31030B42 /* widget.cpp in Compile Sources */,
				A53ACF0D38488364879066C9 /* qrc_ref_images.cpp in Compile Sources */,
				1F214DD2B7C128EAEC89FC5A /* moc_widget.cpp in Compile Sources */,
				436A22DD1EB4017E00918466 /* EyeLogic.cpp in Compile Sources */,
				436A22DE1EB4017E00918466 /* VoiceTool.cpp in Compile Sources */,
				EFDE7D67A3969E728EFE5F3B /* dummy.cpp in Compile Sources */,
			);
			name = "Compile Sources";
			runOnlyForDeploymentPostprocessing = 0;
		};
/* End PBXSourcesBuildPhase section */

/* Begin PBXTargetDependency section */
		B088CE4D33F3F30381655B07 /* PBXTargetDependency */ = {
			isa = PBXTargetDependency;
			target = 79D2A944B967CF7ABF733735 /* Qt Preprocess */;
			targetProxy = 436A22CE1EB3FFD600918466 /* PBXContainerItemProxy */;
		};
/* End PBXTargetDependency section */

/* Begin XCBuildConfiguration section */
		339EE1B2CC4FC24589A0EA95 /* Release */ = {
			isa = XCBuildConfiguration;
			buildSettings = {
				ARCHS = x86_64;
				CC = /Applications/Xcode.app/Contents/Developer/Toolchains/XcodeDefault.xctoolchain/usr/bin/clang;
				COPY_PHASE_STRIP = YES;
				DYLIB_COMPATIBILITY_VERSION = 1.0;
				DYLIB_CURRENT_VERSION = 1.0.0;
				ENABLE_BITCODE = NO;
				FRAMEWORK_SEARCH_PATHS = (
					/Users/Dimitar/Qt/5.8/clang_64/lib,
					/Users/Dimitar/Qt/5.8/clang_64/lib,
				);
				GCC_GENERATE_DEBUGGING_SYMBOLS = NO;
				GCC_VERSION = com.apple.compilers.llvm.clang.1_0;
				HEADER_SEARCH_PATHS = (
					.,
					/Users/Dimitar/Qt/5.8/clang_64/lib/QtWidgets.framework/Headers,
					/Users/Dimitar/Qt/5.8/clang_64/lib/QtGui.framework/Headers,
					/Users/Dimitar/Qt/5.8/clang_64/lib/QtCore.framework/Headers,
					.,
					/Applications/Xcode.app/Contents/Developer/Platforms/MacOSX.platform/Developer/SDKs/MacOSX10.12.sdk/System/Library/Frameworks/OpenGL.framework/Headers,
					/Applications/Xcode.app/Contents/Developer/Platforms/MacOSX.platform/Developer/SDKs/MacOSX10.12.sdk/System/Library/Frameworks/AGL.framework/Headers,
					.,
					"/Users/Dimitar/Qt/5.8/clang_64/mkspecs/macx-clang",
				);
				INFOPLIST_FILE = Info.plist;
				LDPLUSPLUS = "/Applications/Xcode.app/Contents/Developer/Toolchains/XcodeDefault.xctoolchain/usr/bin/clang++";
				LIBRARY_SEARCH_PATHS = (
					/Users/Dimitar/Qt/5.8/clang_64/lib,
					/System/Library/Frameworks/,
				);
				MACOSX_DEPLOYMENT_TARGET = 10.9;
				OTHER_CFLAGS = (
					"-pipe",
					"-O2",
					"-Wall",
					"-W",
					"-fPIC",
					"-DQT_DEPRECATED_WARNINGS",
					"-DQT_NO_DEBUG",
					"-DQT_WIDGETS_LIB",
					"-DQT_GUI_LIB",
					"-DQT_CORE_LIB",
				);
				OTHER_CPLUSPLUSFLAGS = (
					"-pipe",
					"-stdlib=libc++",
					"-O2",
					"-std=gnu++11",
					"-Wall",
					"-W",
					"-fPIC",
					"-DQT_DEPRECATED_WARNINGS",
					"-DQT_NO_DEBUG",
					"-DQT_WIDGETS_LIB",
					"-DQT_GUI_LIB",
					"-DQT_CORE_LIB",
				);
				OTHER_LDFLAGS = (
					"-headerpad_max_install_names",
					"-stdlib=libc++",
					"-Wl,-rpath,/Users/Dimitar/Qt/5.8/clang_64/lib",
					"-F/Users/Dimitar/Qt/5.8/clang_64/lib",
				);
				PRODUCT_NAME = usingQtDesigner;
				QT_LIBRARY_SUFFIX = "";
				SDKROOT = macosx;
				SYMROOT = "/Users/Dimitar/Documents/SeniorProject/EyeLogic/EyeLogic-MP/Qt/";
			};
			name = Release;
		};
		3AA6C32AC930069E80220CF1 /* Debug */ = {
			isa = XCBuildConfiguration;
			buildSettings = {
				ARCHS = x86_64;
				CC = /Applications/Xcode.app/Contents/Developer/Toolchains/XcodeDefault.xctoolchain/usr/bin/clang;
				COPY_PHASE_STRIP = NO;
				DYLIB_COMPATIBILITY_VERSION = 1.0;
				DYLIB_CURRENT_VERSION = 1.0.0;
				ENABLE_BITCODE = NO;
				FRAMEWORK_SEARCH_PATHS = (
					/Users/Dimitar/Qt/5.8/clang_64/lib,
					/Users/Dimitar/Qt/5.8/clang_64/lib,
				);
				GCC_GENERATE_DEBUGGING_SYMBOLS = YES;
				GCC_OPTIMIZATION_LEVEL = 0;
				GCC_VERSION = com.apple.compilers.llvm.clang.1_0;
				HEADER_SEARCH_PATHS = (
					.,
					/Users/Dimitar/Qt/5.8/clang_64/lib/QtWidgets.framework/Headers,
					/Users/Dimitar/Qt/5.8/clang_64/lib/QtGui.framework/Headers,
					/Users/Dimitar/Qt/5.8/clang_64/lib/QtCore.framework/Headers,
					.,
					/Applications/Xcode.app/Contents/Developer/Platforms/MacOSX.platform/Developer/SDKs/MacOSX10.12.sdk/System/Library/Frameworks/OpenGL.framework/Headers,
					/Applications/Xcode.app/Contents/Developer/Platforms/MacOSX.platform/Developer/SDKs/MacOSX10.12.sdk/System/Library/Frameworks/AGL.framework/Headers,
					.,
					"/Users/Dimitar/Qt/5.8/clang_64/mkspecs/macx-clang",
				);
				INFOPLIST_FILE = Info.plist;
				LDPLUSPLUS = "/Applications/Xcode.app/Contents/Developer/Toolchains/XcodeDefault.xctoolchain/usr/bin/clang++";
				LIBRARY_SEARCH_PATHS = (
					/Users/Dimitar/Qt/5.8/clang_64/lib,
					/System/Library/Frameworks/,
				);
				MACOSX_DEPLOYMENT_TARGET = 10.9;
				OTHER_CFLAGS = (
					"-pipe",
					"-O2",
					"-Wall",
					"-W",
					"-fPIC",
					"-DQT_DEPRECATED_WARNINGS",
					"-DQT_NO_DEBUG",
					"-DQT_WIDGETS_LIB",
					"-DQT_GUI_LIB",
					"-DQT_CORE_LIB",
				);
				OTHER_CPLUSPLUSFLAGS = (
					"-pipe",
					"-stdlib=libc++",
					"-O2",
					"-std=gnu++11",
					"-Wall",
					"-W",
					"-fPIC",
					"-DQT_DEPRECATED_WARNINGS",
					"-DQT_NO_DEBUG",
					"-DQT_WIDGETS_LIB",
					"-DQT_GUI_LIB",
					"-DQT_CORE_LIB",
				);
				OTHER_LDFLAGS = (
					"-headerpad_max_install_names",
					"-stdlib=libc++",
					"-Wl,-rpath,/Users/Dimitar/Qt/5.8/clang_64/lib",
					"-F/Users/Dimitar/Qt/5.8/clang_64/lib",
				);
				PRODUCT_NAME = usingQtDesigner;
				QT_LIBRARY_SUFFIX = _debug;
				SDKROOT = macosx;
				SYMROOT = "/Users/Dimitar/Documents/SeniorProject/EyeLogic/EyeLogic-MP/Qt/";
			};
			name = Debug;
		};
		6666AA5E688052234F6758D8 /* Release */ = {
			isa = XCBuildConfiguration;
			buildSettings = {
				COPY_PHASE_STRIP = YES;
				ENABLE_BITCODE = NO;
				GCC_GENERATE_DEBUGGING_SYMBOLS = NO;
				HEADER_SEARCH_PATHS = (
					.,
					/Users/Dimitar/Qt/5.8/clang_64/lib/QtWidgets.framework/Headers,
					/Users/Dimitar/Qt/5.8/clang_64/lib/QtGui.framework/Headers,
					/Users/Dimitar/Qt/5.8/clang_64/lib/QtCore.framework/Headers,
					.,
					/Applications/Xcode.app/Contents/Developer/Platforms/MacOSX.platform/Developer/SDKs/MacOSX10.12.sdk/System/Library/Frameworks/OpenGL.framework/Headers,
					/Applications/Xcode.app/Contents/Developer/Platforms/MacOSX.platform/Developer/SDKs/MacOSX10.12.sdk/System/Library/Frameworks/AGL.framework/Headers,
					.,
					"/Users/Dimitar/Qt/5.8/clang_64/mkspecs/macx-clang",
					/usr/local/include,
				);
				LIBRARY_SEARCH_PATHS = (
					/Users/Dimitar/Qt/5.8/clang_64/lib,
					/System/Library/Frameworks/,
					/usr/local/lib/,
				);
				OTHER_LDFLAGS = (
					"-headerpad_max_install_names",
					"-stdlib=libc++",
					"-Wl,-rpath,/Users/Dimitar/Qt/5.8/clang_64/lib",
					"-F/Users/Dimitar/Qt/5.8/clang_64/lib",
					"-framework",
					ApplicationServices,
					"-lopencv_calib3d",
					"-lopencv_core",
					"-lopencv_features2d",
					"-lopencv_flann",
					"-lopencv_highgui",
					"-lopencv_imgcodecs",
					"-lopencv_imgproc",
					"-lopencv_ml",
					"-lopencv_objdetect",
					"-lopencv_photo",
					"-lopencv_shape",
					"-lopencv_stitching",
					"-lopencv_superres",
					"-lopencv_ts",
					"-lopencv_video",
					"-lopencv_videoio",
					"-lopencv_videostab",
				);
				PRODUCT_NAME = usingQtDesigner;
				QT_LIBRARY_SUFFIX = "";
				SDKROOT = macosx;
			};
			name = Release;
		};
		77418F46922677BB04ED38DD /* Debug */ = {
			isa = XCBuildConfiguration;
			buildSettings = {
				COPY_PHASE_STRIP = NO;
				ENABLE_BITCODE = NO;
				GCC_GENERATE_DEBUGGING_SYMBOLS = YES;
				GCC_OPTIMIZATION_LEVEL = 0;
				HEADER_SEARCH_PATHS = (
					.,
					/Users/Dimitar/Qt/5.8/clang_64/lib/QtWidgets.framework/Headers,
					/Users/Dimitar/Qt/5.8/clang_64/lib/QtGui.framework/Headers,
					/Users/Dimitar/Qt/5.8/clang_64/lib/QtCore.framework/Headers,
					.,
					/Applications/Xcode.app/Contents/Developer/Platforms/MacOSX.platform/Developer/SDKs/MacOSX10.12.sdk/System/Library/Frameworks/OpenGL.framework/Headers,
					/Applications/Xcode.app/Contents/Developer/Platforms/MacOSX.platform/Developer/SDKs/MacOSX10.12.sdk/System/Library/Frameworks/AGL.framework/Headers,
					.,
					"/Users/Dimitar/Qt/5.8/clang_64/mkspecs/macx-clang",
					/usr/local/include,
				);
				LIBRARY_SEARCH_PATHS = (
					/Users/Dimitar/Qt/5.8/clang_64/lib,
					/System/Library/Frameworks/,
					/usr/local/lib/,
				);
				OTHER_LDFLAGS = (
					"-headerpad_max_install_names",
					"-stdlib=libc++",
					"-Wl,-rpath,/Users/Dimitar/Qt/5.8/clang_64/lib",
					"-F/Users/Dimitar/Qt/5.8/clang_64/lib",
					"-framework",
					ApplicationServices,
					"-lopencv_calib3d",
					"-lopencv_core",
					"-lopencv_features2d",
					"-lopencv_flann",
					"-lopencv_highgui",
					"-lopencv_imgcodecs",
					"-lopencv_imgproc",
					"-lopencv_ml",
					"-lopencv_objdetect",
					"-lopencv_photo",
					"-lopencv_shape",
					"-lopencv_stitching",
					"-lopencv_superres",
					"-lopencv_ts",
					"-lopencv_video",
					"-lopencv_videoio",
					"-lopencv_videostab",
				);
				PRODUCT_NAME = usingQtDesigner;
				QT_LIBRARY_SUFFIX = _debug;
				SDKROOT = macosx;
			};
			name = Debug;
		};
/* End XCBuildConfiguration section */

/* Begin XCConfigurationList section */
		6CC3B5D2136C7CD6A5CF5A59 /* Build configuration list for PBXNativeTarget "usingQtDesigner" */ = {
			isa = XCConfigurationList;
			buildConfigurations = (
				77418F46922677BB04ED38DD /* Debug */,
				6666AA5E688052234F6758D8 /* Release */,
			);
			defaultConfigurationIsVisible = 0;
			defaultConfigurationName = Release;
		};
		DAC4C1AA5EDEA1C85E9CA5E6 /* Build configuration list for PBXProject "usingQtDesigner" */ = {
			isa = XCConfigurationList;
			buildConfigurations = (
				3AA6C32AC930069E80220CF1 /* Debug */,
				339EE1B2CC4FC24589A0EA95 /* Release */,
			);
			defaultConfigurationIsVisible = 0;
			defaultConfigurationName = Release;
		};
/* End XCConfigurationList section */
	};
	rootObject = 6DB9C3763D02B1415CD9D565 /* Project object */;
}
