// !$*UTF8*$!
{
	archiveVersion = 1;
	classes = {
	};
	objectVersion = 46;
	objects = {

/* Begin PBXAggregateTarget section */
		E55EB68D3EE27B73FD348624 /* Qt Preprocess */ = {
			isa = PBXAggregateTarget;
			buildConfigurationList = 6CC3B5D2136C7CD6A5CF5A59 /* Build configuration list for PBXNativeTarget "usingQtDesigner" */;
			buildPhases = (
				5E618435888B9D49F8540165 /* Qt Qmake */,
				7EF0942E79C014DCEC8976BC /* Qt Preprocessors */,
			);
			dependencies = (
			);
			name = "Qt Preprocess";
			productName = "Qt Preprocess";
		};
/* End PBXAggregateTarget section */

/* Begin PBXBuildFile section */
		018E4555EB7B8E77A215945F /* main.cpp in Compile Sources */ = {isa = PBXBuildFile; fileRef = 62AB5FDEF6C559744EF81AE2 /* main.cpp */; settings = {ATTRIBUTES = (); }; };
		0AB18D2C3FCFFC5DB57382BD /* QtWidgets.framework in Link Binary With Libraries */ = {isa = PBXBuildFile; fileRef = 6D428A53665CC0532CC471B5 /* QtWidgets.framework */; };
		2617C365E6101688745605CC /* QtCore.framework in Link Binary With Libraries */ = {isa = PBXBuildFile; fileRef = C6EAED776F2E03F8F00CD3FA /* QtCore.framework */; };
		435C82F41EAAD8CD0030A7FD /* EyeLogic.cpp in Compile Sources */ = {isa = PBXBuildFile; fileRef = 435C82F31EAAD8CD0030A7FD /* EyeLogic.cpp */; };
		435C82F91EAADEB60030A7FD /* libboost_filesystem.dylib in Link Binary With Libraries */ = {isa = PBXBuildFile; fileRef = 435C82F81EAADEB60030A7FD /* libboost_filesystem.dylib */; };
		435C82FB1EAADEC80030A7FD /* libboost_system.dylib in Link Binary With Libraries */ = {isa = PBXBuildFile; fileRef = 435C82FA1EAADEC80030A7FD /* libboost_system.dylib */; };
		695675E2C9E4B61B35833848 /* widget.cpp in Compile Sources */ = {isa = PBXBuildFile; fileRef = 85CCABD17F993FB4E3E80AB4 /* widget.cpp */; settings = {ATTRIBUTES = (); }; };
		6DE1234A754AF1492696D12A /* moc_widget.cpp in Compile Sources */ = {isa = PBXBuildFile; fileRef = F737D3D90FDC20D844785B76 /* moc_widget.cpp */; settings = {ATTRIBUTES = (); }; };
		8771A8C96E9C391044035D99 /* OpenGL.framework in Link Binary With Libraries */ = {isa = PBXBuildFile; fileRef = D4B32C2222F82AC56BADEB21 /* OpenGL.framework */; };
		8D267F2E4776F0ECA2F49DC8 /* IOKit.framework in Link Binary With Libraries */ = {isa = PBXBuildFile; fileRef = A1A67BEAA744704B29168D39 /* IOKit.framework */; };
		A99B2AA0F9CBBDD12BA126A4 /* DiskArbitration.framework in Link Binary With Libraries */ = {isa = PBXBuildFile; fileRef = 2B774D8E4178765CE52EAAF5 /* DiskArbitration.framework */; };
		D0277E5370539D68D7F4AE12 /* qrc_ref_images.cpp in Compile Sources */ = {isa = PBXBuildFile; fileRef = F5597DDFE4032664B979EDC8 /* qrc_ref_images.cpp */; settings = {ATTRIBUTES = (); }; };
		E0FE23F83E210CD7BCDDCE64 /* QtGui.framework in Link Binary With Libraries */ = {isa = PBXBuildFile; fileRef = 524FF54F4DFEBBDF16E94F2F /* QtGui.framework */; };
		E45E51A644D5FC9F942ECE55 /* AGL.framework in Link Binary With Libraries */ = {isa = PBXBuildFile; fileRef = 8D9815BDB5BD9F90D2BC05C5 /* AGL.framework */; };
		EFDE7D67A3969E728EFE5F3B /* dummy.cpp in Compile Sources */ = {isa = PBXBuildFile; fileRef = D3965AC9622849D97519049F /* dummy.cpp */; settings = {ATTRIBUTES = (); }; };
/* End PBXBuildFile section */

/* Begin PBXContainerItemProxy section */
		435C82F11EAAD8350030A7FD /* PBXContainerItemProxy */ = {
			isa = PBXContainerItemProxy;
			containerPortal = 6DB9C3763D02B1415CD9D565 /* Project object */;
			proxyType = 1;
			remoteGlobalIDString = E55EB68D3EE27B73FD348624;
			remoteInfo = "Qt Preprocess";
		};
/* End PBXContainerItemProxy section */

/* Begin PBXFileReference section */
		17016E6869C58F3A671C502E /* ref_images.qrc */ = {isa = PBXFileReference; lastKnownFileType = text; name = ref_images.qrc; path = "/Users/Dimitar/Documents/SeniorProject/EyeLogic/EyeLogic-MP/ref_images.qrc"; sourceTree = "<absolute>"; };
		2B774D8E4178765CE52EAAF5 /* DiskArbitration.framework */ = {isa = PBXFileReference; lastKnownFileType = wrapper.framework; name = DiskArbitration.framework; path = /System/Library/Frameworks/DiskArbitration.framework; sourceTree = "<absolute>"; };
		34B7A8E7C3D7D60CC095478F /* usingQtDesigner.pro */ = {isa = PBXFileReference; lastKnownFileType = text; name = usingQtDesigner.pro; path = "/Users/Dimitar/Documents/SeniorProject/EyeLogic/EyeLogic-MP/usingQtDesigner.pro"; sourceTree = "<absolute>"; };
		3E04DE0EDFC3D1C9612897FD /* usingQtDesigner.app */ = {isa = PBXFileReference; explicitFileType = wrapper.application; includeInIndex = 0; path = usingQtDesigner.app; sourceTree = BUILT_PRODUCTS_DIR; };
		3F79573BBD817B9376DA60E8 /* widget.h */ = {isa = PBXFileReference; lastKnownFileType = sourcecode.c.h; name = widget.h; path = "/Users/Dimitar/Documents/SeniorProject/EyeLogic/EyeLogic-MP/widget.h"; sourceTree = "<absolute>"; };
		435C82F21EAAD8C20030A7FD /* EyeLogic.hpp */ = {isa = PBXFileReference; fileEncoding = 4; lastKnownFileType = sourcecode.cpp.h; name = EyeLogic.hpp; path = EyeLogic/EyeLogic.hpp; sourceTree = "<group>"; };
		435C82F31EAAD8CD0030A7FD /* EyeLogic.cpp */ = {isa = PBXFileReference; fileEncoding = 4; lastKnownFileType = sourcecode.cpp.cpp; name = EyeLogic.cpp; path = EyeLogic/EyeLogic.cpp; sourceTree = "<group>"; };
		435C82F51EAAD8D60030A7FD /* System.hpp */ = {isa = PBXFileReference; fileEncoding = 4; lastKnownFileType = sourcecode.cpp.h; name = System.hpp; path = EyeLogic/System.hpp; sourceTree = "<group>"; };
		435C82F61EAAD8DF0030A7FD /* Win.hpp */ = {isa = PBXFileReference; fileEncoding = 4; lastKnownFileType = sourcecode.cpp.h; name = Win.hpp; path = EyeLogic/Win.hpp; sourceTree = "<group>"; };
		435C82F71EAAD8E80030A7FD /* Mac.hpp */ = {isa = PBXFileReference; fileEncoding = 4; lastKnownFileType = sourcecode.cpp.h; name = Mac.hpp; path = EyeLogic/Mac.hpp; sourceTree = "<group>"; };
		435C82F81EAADEB60030A7FD /* libboost_filesystem.dylib */ = {isa = PBXFileReference; lastKnownFileType = "compiled.mach-o.dylib"; name = libboost_filesystem.dylib; path = ../../../../../../usr/local/lib/libboost_filesystem.dylib; sourceTree = "<group>"; };
		435C82FA1EAADEC80030A7FD /* libboost_system.dylib */ = {isa = PBXFileReference; lastKnownFileType = "compiled.mach-o.dylib"; name = libboost_system.dylib; path = ../../../../../../usr/local/lib/libboost_system.dylib; sourceTree = "<group>"; };
		524FF54F4DFEBBDF16E94F2F /* QtGui.framework */ = {isa = PBXFileReference; lastKnownFileType = wrapper.framework; name = QtGui.framework; path = /Users/Dimitar/Qt/5.8/clang_64/lib/QtGui.framework; sourceTree = "<absolute>"; };
		62AB5FDEF6C559744EF81AE2 /* main.cpp */ = {isa = PBXFileReference; lastKnownFileType = sourcecode.cpp.cpp; name = main.cpp; path = "/Users/Dimitar/Documents/SeniorProject/EyeLogic/EyeLogic-MP/main.cpp"; sourceTree = "<absolute>"; };
		6D428A53665CC0532CC471B5 /* QtWidgets.framework */ = {isa = PBXFileReference; lastKnownFileType = wrapper.framework; name = QtWidgets.framework; path = /Users/Dimitar/Qt/5.8/clang_64/lib/QtWidgets.framework; sourceTree = "<absolute>"; };
		7FF85268184F1F47C5C97F01 /* .qmake.stash */ = {isa = PBXFileReference; lastKnownFileType = text; name = .qmake.stash; path = "/Users/Dimitar/Documents/SeniorProject/EyeLogic/EyeLogic-MP/.qmake.stash"; sourceTree = "<absolute>"; };
		85CCABD17F993FB4E3E80AB4 /* widget.cpp */ = {isa = PBXFileReference; lastKnownFileType = sourcecode.cpp.cpp; name = widget.cpp; path = "/Users/Dimitar/Documents/SeniorProject/EyeLogic/EyeLogic-MP/widget.cpp"; sourceTree = "<absolute>"; };
		8D9815BDB5BD9F90D2BC05C5 /* AGL.framework */ = {isa = PBXFileReference; lastKnownFileType = wrapper.framework; name = AGL.framework; path = /System/Library/Frameworks/AGL.framework; sourceTree = "<absolute>"; };
		A1A67BEAA744704B29168D39 /* IOKit.framework */ = {isa = PBXFileReference; lastKnownFileType = wrapper.framework; name = IOKit.framework; path = /System/Library/Frameworks/IOKit.framework; sourceTree = "<absolute>"; };
		C6EAED776F2E03F8F00CD3FA /* QtCore.framework */ = {isa = PBXFileReference; lastKnownFileType = wrapper.framework; name = QtCore.framework; path = /Users/Dimitar/Qt/5.8/clang_64/lib/QtCore.framework; sourceTree = "<absolute>"; };
		CFD11E64DDE291317469F1F4 /* widget.ui */ = {isa = PBXFileReference; lastKnownFileType = text.xml; name = widget.ui; path = "/Users/Dimitar/Documents/SeniorProject/EyeLogic/EyeLogic-MP/widget.ui"; sourceTree = "<absolute>"; };
		D3965AC9622849D97519049F /* dummy.cpp */ = {isa = PBXFileReference; lastKnownFileType = sourcecode.cpp.cpp; name = dummy.cpp; path = /Users/Dimitar/Qt/5.8/clang_64/mkspecs/features/data/dummy.cpp; sourceTree = "<absolute>"; };
		D4B32C2222F82AC56BADEB21 /* OpenGL.framework */ = {isa = PBXFileReference; lastKnownFileType = wrapper.framework; name = OpenGL.framework; path = /System/Library/Frameworks/OpenGL.framework; sourceTree = "<absolute>"; };
		F5597DDFE4032664B979EDC8 /* qrc_ref_images.cpp */ = {isa = PBXFileReference; lastKnownFileType = sourcecode.cpp.cpp; name = qrc_ref_images.cpp; path = "/Users/Dimitar/Documents/SeniorProject/EyeLogic/EyeLogic-MP/qrc_ref_images.cpp"; sourceTree = "<absolute>"; };
		F737D3D90FDC20D844785B76 /* moc_widget.cpp */ = {isa = PBXFileReference; lastKnownFileType = sourcecode.cpp.cpp; name = moc_widget.cpp; path = "/Users/Dimitar/Documents/SeniorProject/EyeLogic/EyeLogic-MP/moc_widget.cpp"; sourceTree = "<absolute>"; };
		FB64F36A30E6871D53F62E09 /* ui_widget.h */ = {isa = PBXFileReference; lastKnownFileType = sourcecode.c.h; name = ui_widget.h; path = "/Users/Dimitar/Documents/SeniorProject/EyeLogic/EyeLogic-MP/ui_widget.h"; sourceTree = "<absolute>"; };
/* End PBXFileReference section */

/* Begin PBXFrameworksBuildPhase section */
		D1C883685E82D5676953459A /* Link Binary With Libraries */ = {
			isa = PBXFrameworksBuildPhase;
			buildActionMask = 2147483647;
			files = (
				0AB18D2C3FCFFC5DB57382BD /* QtWidgets.framework in Link Binary With Libraries */,
				E0FE23F83E210CD7BCDDCE64 /* QtGui.framework in Link Binary With Libraries */,
				2617C365E6101688745605CC /* QtCore.framework in Link Binary With Libraries */,
				435C82FB1EAADEC80030A7FD /* libboost_system.dylib in Link Binary With Libraries */,
				435C82F91EAADEB60030A7FD /* libboost_filesystem.dylib in Link Binary With Libraries */,
				A99B2AA0F9CBBDD12BA126A4 /* DiskArbitration.framework in Link Binary With Libraries */,
				8D267F2E4776F0ECA2F49DC8 /* IOKit.framework in Link Binary With Libraries */,
				8771A8C96E9C391044035D99 /* OpenGL.framework in Link Binary With Libraries */,
				E45E51A644D5FC9F942ECE55 /* AGL.framework in Link Binary With Libraries */,
			);
			name = "Link Binary With Libraries";
			runOnlyForDeploymentPostprocessing = 0;
		};
/* End PBXFrameworksBuildPhase section */

/* Begin PBXGroup section */
		12E908B8A1C3C07C115504F5 /* Sources [uic] */ = {
			isa = PBXGroup;
			children = (
				CFD11E64DDE291317469F1F4 /* widget.ui */,
			);
			name = "Sources [uic]";
			sourceTree = "<group>";
		};
		25B08E2869634E9BCBA333A2 /* Generated Sources */ = {
			isa = PBXGroup;
			children = (
				F5597DDFE4032664B979EDC8 /* qrc_ref_images.cpp */,
				F737D3D90FDC20D844785B76 /* moc_widget.cpp */,
				FB64F36A30E6871D53F62E09 /* ui_widget.h */,
			);
			name = "Generated Sources";
			sourceTree = "<group>";
		};
		2EB56BE3C2D93CDAB0C52E67 /* Sources */ = {
			isa = PBXGroup;
			children = (
				435C82F61EAAD8DF0030A7FD /* Win.hpp */,
				435C82F51EAAD8D60030A7FD /* System.hpp */,
				435C82F71EAAD8E80030A7FD /* Mac.hpp */,
				435C82F31EAAD8CD0030A7FD /* EyeLogic.cpp */,
				435C82F21EAAD8C20030A7FD /* EyeLogic.hpp */,
				62AB5FDEF6C559744EF81AE2 /* main.cpp */,
				85CCABD17F993FB4E3E80AB4 /* widget.cpp */,
				3F79573BBD817B9376DA60E8 /* widget.h */,
			);
			name = Sources;
			sourceTree = "<group>";
		};
		74B182DB50CB5611B5C1C297 /* Supporting Files */ = {
			isa = PBXGroup;
			children = (
				34B7A8E7C3D7D60CC095478F /* usingQtDesigner.pro */,
				7FF85268184F1F47C5C97F01 /* .qmake.stash */,
			);
			name = "Supporting Files";
			sourceTree = "<group>";
		};
		87DF60DE337FB58864343E39 /* Resources */ = {
			isa = PBXGroup;
			children = (
				17016E6869C58F3A671C502E /* ref_images.qrc */,
			);
			name = Resources;
			sourceTree = "<group>";
		};
		AF39DD055C3EF8226FBE929D /* Frameworks */ = {
			isa = PBXGroup;
			children = (
				435C82FA1EAADEC80030A7FD /* libboost_system.dylib */,
				435C82F81EAADEB60030A7FD /* libboost_filesystem.dylib */,
				6D428A53665CC0532CC471B5 /* QtWidgets.framework */,
				524FF54F4DFEBBDF16E94F2F /* QtGui.framework */,
				C6EAED776F2E03F8F00CD3FA /* QtCore.framework */,
				2B774D8E4178765CE52EAAF5 /* DiskArbitration.framework */,
				A1A67BEAA744704B29168D39 /* IOKit.framework */,
				D4B32C2222F82AC56BADEB21 /* OpenGL.framework */,
				8D9815BDB5BD9F90D2BC05C5 /* AGL.framework */,
			);
			name = Frameworks;
			sourceTree = "<group>";
		};
		B8254625CFD509ED2A24A166 /* Sources [moc_predefs] */ = {
			isa = PBXGroup;
			children = (
				D3965AC9622849D97519049F /* dummy.cpp */,
			);
			name = "Sources [moc_predefs]";
			sourceTree = "<group>";
		};
		E8C543AB96796ECAA2E65C57 /* usingQtDesigner */ = {
			isa = PBXGroup;
			children = (
				2EB56BE3C2D93CDAB0C52E67 /* Sources */,
				25B08E2869634E9BCBA333A2 /* Generated Sources */,
				74B182DB50CB5611B5C1C297 /* Supporting Files */,
				87DF60DE337FB58864343E39 /* Resources */,
				B8254625CFD509ED2A24A166 /* Sources [moc_predefs] */,
				12E908B8A1C3C07C115504F5 /* Sources [uic] */,
				AF39DD055C3EF8226FBE929D /* Frameworks */,
				FE0A091FDBFB3E9C31B7A1BD /* Products */,
			);
			name = usingQtDesigner;
			sourceTree = "<group>";
		};
		FE0A091FDBFB3E9C31B7A1BD /* Products */ = {
			isa = PBXGroup;
			children = (
				3E04DE0EDFC3D1C9612897FD /* usingQtDesigner.app */,
			);
			name = Products;
			sourceTree = "<group>";
		};
/* End PBXGroup section */

/* Begin PBXNativeTarget section */
		688E8E71AB594DD173311B31 /* usingQtDesigner */ = {
			isa = PBXNativeTarget;
			buildConfigurationList = 6CC3B5D2136C7CD6A5CF5A59 /* Build configuration list for PBXNativeTarget "usingQtDesigner" */;
			buildPhases = (
				F7E50F631C51CD5B5DC0BC43 /* Compile Sources */,
				D1C883685E82D5676953459A /* Link Binary With Libraries */,
				30414803F31797EB689AE508 /* Copy Bundle Resources */,
			);
			buildRules = (
			);
			dependencies = (
				26396567D2A48B7D2145F866 /* PBXTargetDependency */,
			);
			name = usingQtDesigner;
			productName = usingQtDesigner;
			productReference = 3E04DE0EDFC3D1C9612897FD /* usingQtDesigner.app */;
			productType = "com.apple.product-type.application";
		};
/* End PBXNativeTarget section */

/* Begin PBXProject section */
		6DB9C3763D02B1415CD9D565 /* Project object */ = {
			isa = PBXProject;
			attributes = {
			};
			buildConfigurationList = DAC4C1AA5EDEA1C85E9CA5E6 /* Build configuration list for PBXProject "usingQtDesigner" */;
			compatibilityVersion = "Xcode 3.2";
			developmentRegion = English;
			hasScannedForEncodings = 1;
			knownRegions = (
				en,
			);
			mainGroup = E8C543AB96796ECAA2E65C57 /* usingQtDesigner */;
			productRefGroup = FE0A091FDBFB3E9C31B7A1BD /* Products */;
			projectDirPath = "";
			projectRoot = "";
			targets = (
				688E8E71AB594DD173311B31 /* usingQtDesigner */,
				E55EB68D3EE27B73FD348624 /* Qt Preprocess */,
			);
		};
/* End PBXProject section */

/* Begin PBXResourcesBuildPhase section */
		30414803F31797EB689AE508 /* Copy Bundle Resources */ = {
			isa = PBXResourcesBuildPhase;
			buildActionMask = 2147483647;
			files = (
			);
			name = "Copy Bundle Resources";
			runOnlyForDeploymentPostprocessing = 0;
		};
/* End PBXResourcesBuildPhase section */

/* Begin PBXShellScriptBuildPhase section */
		5E618435888B9D49F8540165 /* Qt Qmake */ = {
			isa = PBXShellScriptBuildPhase;
			buildActionMask = 2147483647;
			files = (
			);
			name = "Qt Qmake";
			runOnlyForDeploymentPostprocessing = 0;
			shellPath = /bin/sh;
			shellScript = "make -C /Users/Dimitar/Documents/SeniorProject/EyeLogic/EyeLogic-MP/ -f usingQtDesigner.xcodeproj/qt_makeqmake.mak";
			showEnvVarsInLog = 0;
		};
		7EF0942E79C014DCEC8976BC /* Qt Preprocessors */ = {
			isa = PBXShellScriptBuildPhase;
			buildActionMask = 2147483647;
			files = (
			);
			name = "Qt Preprocessors";
			runOnlyForDeploymentPostprocessing = 0;
			shellPath = /bin/sh;
			shellScript = "make -C /Users/Dimitar/Documents/SeniorProject/EyeLogic/EyeLogic-MP/ -f usingQtDesigner.xcodeproj/qt_preprocess.mak";
			showEnvVarsInLog = 0;
		};
/* End PBXShellScriptBuildPhase section */

/* Begin PBXSourcesBuildPhase section */
		F7E50F631C51CD5B5DC0BC43 /* Compile Sources */ = {
			isa = PBXSourcesBuildPhase;
			buildActionMask = 2147483647;
			files = (
				018E4555EB7B8E77A215945F /* main.cpp in Compile Sources */,
				695675E2C9E4B61B35833848 /* widget.cpp in Compile Sources */,
				D0277E5370539D68D7F4AE12 /* qrc_ref_images.cpp in Compile Sources */,
				6DE1234A754AF1492696D12A /* moc_widget.cpp in Compile Sources */,
				435C82F41EAAD8CD0030A7FD /* EyeLogic.cpp in Compile Sources */,
				EFDE7D67A3969E728EFE5F3B /* dummy.cpp in Compile Sources */,
			);
			name = "Compile Sources";
			runOnlyForDeploymentPostprocessing = 0;
		};
/* End PBXSourcesBuildPhase section */

/* Begin PBXTargetDependency section */
		26396567D2A48B7D2145F866 /* PBXTargetDependency */ = {
			isa = PBXTargetDependency;
			target = E55EB68D3EE27B73FD348624 /* Qt Preprocess */;
			targetProxy = 435C82F11EAAD8350030A7FD /* PBXContainerItemProxy */;
		};
/* End PBXTargetDependency section */

/* Begin XCBuildConfiguration section */
		339EE1B2CC4FC24589A0EA95 /* Release */ = {
			isa = XCBuildConfiguration;
			buildSettings = {
				ARCHS = x86_64;
				CC = /Applications/Xcode.app/Contents/Developer/Toolchains/XcodeDefault.xctoolchain/usr/bin/clang;
				COPY_PHASE_STRIP = YES;
				DYLIB_COMPATIBILITY_VERSION = 1.0;
				DYLIB_CURRENT_VERSION = 1.0.0;
				ENABLE_BITCODE = NO;
				FRAMEWORK_SEARCH_PATHS = (
					/Users/Dimitar/Qt/5.8/clang_64/lib,
					/Users/Dimitar/Qt/5.8/clang_64/lib,
				);
				GCC_GENERATE_DEBUGGING_SYMBOLS = NO;
				GCC_VERSION = com.apple.compilers.llvm.clang.1_0;
				HEADER_SEARCH_PATHS = (
					.,
					../../../../Qt/5.8/clang_64/lib/QtWidgets.framework/Headers,
					../../../../Qt/5.8/clang_64/lib/QtGui.framework/Headers,
					../../../../Qt/5.8/clang_64/lib/QtCore.framework/Headers,
					.,
					/Applications/Xcode.app/Contents/Developer/Platforms/MacOSX.platform/Developer/SDKs/MacOSX10.12.sdk/System/Library/Frameworks/OpenGL.framework/Headers,
					/Applications/Xcode.app/Contents/Developer/Platforms/MacOSX.platform/Developer/SDKs/MacOSX10.12.sdk/System/Library/Frameworks/AGL.framework/Headers,
					.,
					"../../../../Qt/5.8/clang_64/mkspecs/macx-clang",
				);
				INFOPLIST_FILE = Info.plist;
				LDPLUSPLUS = "/Applications/Xcode.app/Contents/Developer/Toolchains/XcodeDefault.xctoolchain/usr/bin/clang++";
				LIBRARY_SEARCH_PATHS = (
					/Users/Dimitar/Qt/5.8/clang_64/lib,
					/System/Library/Frameworks/,
				);
				MACOSX_DEPLOYMENT_TARGET = 10.9;
				OTHER_CFLAGS = (
					"-pipe",
					"-O2",
					"-Wall",
					"-W",
					"-fPIC",
					"-DQT_DEPRECATED_WARNINGS",
					"-DQT_NO_DEBUG",
					"-DQT_WIDGETS_LIB",
					"-DQT_GUI_LIB",
					"-DQT_CORE_LIB",
				);
				OTHER_CPLUSPLUSFLAGS = (
					"-pipe",
					"-stdlib=libc++",
					"-O2",
					"-std=gnu++11",
					"-Wall",
					"-W",
					"-fPIC",
					"-DQT_DEPRECATED_WARNINGS",
					"-DQT_NO_DEBUG",
					"-DQT_WIDGETS_LIB",
					"-DQT_GUI_LIB",
					"-DQT_CORE_LIB",
				);
				OTHER_LDFLAGS = (
					"-headerpad_max_install_names",
					"-stdlib=libc++",
					"-Wl,-rpath,/Users/Dimitar/Qt/5.8/clang_64/lib",
					"-F/Users/Dimitar/Qt/5.8/clang_64/lib",
				);
				PRODUCT_NAME = usingQtDesigner;
				QT_LIBRARY_SUFFIX = "";
				SDKROOT = macosx;
				SYMROOT = "/Users/Dimitar/Documents/SeniorProject/EyeLogic/EyeLogic-MP/";
			};
			name = Release;
		};
		3AA6C32AC930069E80220CF1 /* Debug */ = {
			isa = XCBuildConfiguration;
			buildSettings = {
				ARCHS = x86_64;
				CC = /Applications/Xcode.app/Contents/Developer/Toolchains/XcodeDefault.xctoolchain/usr/bin/clang;
				COPY_PHASE_STRIP = NO;
				DYLIB_COMPATIBILITY_VERSION = 1.0;
				DYLIB_CURRENT_VERSION = 1.0.0;
				ENABLE_BITCODE = NO;
				FRAMEWORK_SEARCH_PATHS = (
					/Users/Dimitar/Qt/5.8/clang_64/lib,
					/Users/Dimitar/Qt/5.8/clang_64/lib,
				);
				GCC_GENERATE_DEBUGGING_SYMBOLS = YES;
				GCC_OPTIMIZATION_LEVEL = 0;
				GCC_VERSION = com.apple.compilers.llvm.clang.1_0;
				HEADER_SEARCH_PATHS = (
					.,
					../../../../Qt/5.8/clang_64/lib/QtWidgets.framework/Headers,
					../../../../Qt/5.8/clang_64/lib/QtGui.framework/Headers,
					../../../../Qt/5.8/clang_64/lib/QtCore.framework/Headers,
					.,
					/Applications/Xcode.app/Contents/Developer/Platforms/MacOSX.platform/Developer/SDKs/MacOSX10.12.sdk/System/Library/Frameworks/OpenGL.framework/Headers,
					/Applications/Xcode.app/Contents/Developer/Platforms/MacOSX.platform/Developer/SDKs/MacOSX10.12.sdk/System/Library/Frameworks/AGL.framework/Headers,
					.,
					"../../../../Qt/5.8/clang_64/mkspecs/macx-clang",
				);
				INFOPLIST_FILE = Info.plist;
				LDPLUSPLUS = "/Applications/Xcode.app/Contents/Developer/Toolchains/XcodeDefault.xctoolchain/usr/bin/clang++";
				LIBRARY_SEARCH_PATHS = (
					/Users/Dimitar/Qt/5.8/clang_64/lib,
					/System/Library/Frameworks/,
				);
				MACOSX_DEPLOYMENT_TARGET = 10.9;
				OTHER_CFLAGS = (
					"-pipe",
					"-O2",
					"-Wall",
					"-W",
					"-fPIC",
					"-DQT_DEPRECATED_WARNINGS",
					"-DQT_NO_DEBUG",
					"-DQT_WIDGETS_LIB",
					"-DQT_GUI_LIB",
					"-DQT_CORE_LIB",
				);
				OTHER_CPLUSPLUSFLAGS = (
					"-pipe",
					"-stdlib=libc++",
					"-O2",
					"-std=gnu++11",
					"-Wall",
					"-W",
					"-fPIC",
					"-DQT_DEPRECATED_WARNINGS",
					"-DQT_NO_DEBUG",
					"-DQT_WIDGETS_LIB",
					"-DQT_GUI_LIB",
					"-DQT_CORE_LIB",
				);
				OTHER_LDFLAGS = (
					"-headerpad_max_install_names",
					"-stdlib=libc++",
					"-Wl,-rpath,/Users/Dimitar/Qt/5.8/clang_64/lib",
					"-F/Users/Dimitar/Qt/5.8/clang_64/lib",
				);
				PRODUCT_NAME = usingQtDesigner;
				QT_LIBRARY_SUFFIX = _debug;
				SDKROOT = macosx;
				SYMROOT = "/Users/Dimitar/Documents/SeniorProject/EyeLogic/EyeLogic-MP/";
			};
			name = Debug;
		};
		6666AA5E688052234F6758D8 /* Release */ = {
			isa = XCBuildConfiguration;
			buildSettings = {
				COPY_PHASE_STRIP = YES;
				ENABLE_BITCODE = NO;
				GCC_GENERATE_DEBUGGING_SYMBOLS = NO;
				HEADER_SEARCH_PATHS = (
					/usr/local/include/,
					.,
					../../../../Qt/5.8/clang_64/lib/QtWidgets.framework/Headers,
					../../../../Qt/5.8/clang_64/lib/QtGui.framework/Headers,
					../../../../Qt/5.8/clang_64/lib/QtCore.framework/Headers,
					.,
					/Applications/Xcode.app/Contents/Developer/Platforms/MacOSX.platform/Developer/SDKs/MacOSX10.12.sdk/System/Library/Frameworks/OpenGL.framework/Headers,
					/Applications/Xcode.app/Contents/Developer/Platforms/MacOSX.platform/Developer/SDKs/MacOSX10.12.sdk/System/Library/Frameworks/AGL.framework/Headers,
					.,
					"../../../../Qt/5.8/clang_64/mkspecs/macx-clang",
				);
				LIBRARY_SEARCH_PATHS = (
					/usr/local/lib/,
					/Users/Dimitar/Qt/5.8/clang_64/lib,
					/System/Library/Frameworks/,
				);
				OTHER_LDFLAGS = (
					"-headerpad_max_install_names",
					"-stdlib=libc++",
					"-Wl,-rpath,/Users/Dimitar/Qt/5.8/clang_64/lib",
					"-lopencv_calib3d",
					"-lopencv_core",
					"-lopencv_features2d",
					"-lopencv_flann",
					"-lopencv_highgui",
					"-lopencv_imgcodecs",
					"-lopencv_imgproc",
					"-lopencv_ml",
					"-lopencv_objdetect",
					"-lopencv_photo",
					"-lopencv_shape",
					"-lopencv_stitching",
					"-lopencv_superres",
					"-lopencv_ts",
					"-lopencv_video",
					"-lopencv_videoio",
					"-lopencv_videostab",
					"-F/Users/Dimitar/Qt/5.8/clang_64/lib",
				);
				PRODUCT_NAME = usingQtDesigner;
				QT_LIBRARY_SUFFIX = "";
				SDKROOT = macosx;
			};
			name = Release;
		};
		77418F46922677BB04ED38DD /* Debug */ = {
			isa = XCBuildConfiguration;
			buildSettings = {
				COPY_PHASE_STRIP = NO;
				ENABLE_BITCODE = NO;
				GCC_GENERATE_DEBUGGING_SYMBOLS = YES;
				GCC_OPTIMIZATION_LEVEL = 0;
				HEADER_SEARCH_PATHS = (
					/usr/local/include/,
					.,
					../../../../Qt/5.8/clang_64/lib/QtWidgets.framework/Headers,
					../../../../Qt/5.8/clang_64/lib/QtGui.framework/Headers,
					../../../../Qt/5.8/clang_64/lib/QtCore.framework/Headers,
					.,
					/Applications/Xcode.app/Contents/Developer/Platforms/MacOSX.platform/Developer/SDKs/MacOSX10.12.sdk/System/Library/Frameworks/OpenGL.framework/Headers,
					/Applications/Xcode.app/Contents/Developer/Platforms/MacOSX.platform/Developer/SDKs/MacOSX10.12.sdk/System/Library/Frameworks/AGL.framework/Headers,
					.,
					"../../../../Qt/5.8/clang_64/mkspecs/macx-clang",
				);
				LIBRARY_SEARCH_PATHS = (
					/usr/local/lib/,
					/Users/Dimitar/Qt/5.8/clang_64/lib,
					/System/Library/Frameworks/,
				);
				OTHER_LDFLAGS = (
					"-headerpad_max_install_names",
					"-stdlib=libc++",
					"-Wl,-rpath,/Users/Dimitar/Qt/5.8/clang_64/lib",
					"-lopencv_calib3d",
					"-lopencv_core",
					"-lopencv_features2d",
					"-lopencv_flann",
					"-lopencv_highgui",
					"-lopencv_imgcodecs",
					"-lopencv_imgproc",
					"-lopencv_ml",
					"-lopencv_objdetect",
					"-lopencv_photo",
					"-lopencv_shape",
					"-lopencv_stitching",
					"-lopencv_superres",
					"-lopencv_ts",
					"-lopencv_video",
					"-lopencv_videoio",
					"-lopencv_videostab",
					"-F/Users/Dimitar/Qt/5.8/clang_64/lib",
				);
				PRODUCT_NAME = usingQtDesigner;
				QT_LIBRARY_SUFFIX = _debug;
				SDKROOT = macosx;
			};
			name = Debug;
		};
/* End XCBuildConfiguration section */

/* Begin XCConfigurationList section */
		6CC3B5D2136C7CD6A5CF5A59 /* Build configuration list for PBXNativeTarget "usingQtDesigner" */ = {
			isa = XCConfigurationList;
			buildConfigurations = (
				77418F46922677BB04ED38DD /* Debug */,
				6666AA5E688052234F6758D8 /* Release */,
			);
			defaultConfigurationIsVisible = 0;
			defaultConfigurationName = Release;
		};
		DAC4C1AA5EDEA1C85E9CA5E6 /* Build configuration list for PBXProject "usingQtDesigner" */ = {
			isa = XCConfigurationList;
			buildConfigurations = (
				3AA6C32AC930069E80220CF1 /* Debug */,
				339EE1B2CC4FC24589A0EA95 /* Release */,
			);
			defaultConfigurationIsVisible = 0;
			defaultConfigurationName = Release;
		};
/* End XCConfigurationList section */
	};
	rootObject = 6DB9C3763D02B1415CD9D565 /* Project object */;
}
